<?xml version="1.0" encoding="utf-8"?>
<Project ToolsVersion="4.0" xmlns="http://schemas.microsoft.com/developer/msbuild/2003">
  <ItemGroup>
    <Filter Include="MultipleInheritance">
      <UniqueIdentifier>{6cb5a662-d467-481b-af8e-7536d487b5b4}</UniqueIdentifier>
    </Filter>
    <Filter Include="Templates">
      <UniqueIdentifier>{a2d2210b-f591-404a-8f08-bc8155afd8b4}</UniqueIdentifier>
    </Filter>
    <Filter Include="AssemblyTest">
      <UniqueIdentifier>{7584d42f-6091-40b1-ab6f-a4182dcedf22}</UniqueIdentifier>
    </Filter>
    <Filter Include="DataStat">
      <UniqueIdentifier>{9a1b3d77-e98e-4c6d-9ce9-1be499cf7d0c}</UniqueIdentifier>
    </Filter>
  </ItemGroup>
  <ItemGroup>
    <ClInclude Include="ILeft.h">
      <Filter>MultipleInheritance</Filter>
    </ClInclude>
    <ClInclude Include="Impl.h">
      <Filter>MultipleInheritance</Filter>
    </ClInclude>
    <ClInclude Include="IBase.h">
      <Filter>MultipleInheritance</Filter>
    </ClInclude>
    <ClInclude Include="Base.h">
      <Filter>MultipleInheritance</Filter>
    </ClInclude>
    <ClInclude Include="stdafx.h" />
    <ClInclude Include="targetver.h" />
    <ClInclude Include="MyClass.h">
      <Filter>Templates</Filter>
    </ClInclude>
    <ClInclude Include="Foo.h">
      <Filter>Templates</Filter>
    </ClInclude>
    <ClInclude Include="MyFunction.h">
      <Filter>AssemblyTest</Filter>
    </ClInclude>
    <ClInclude Include="FloatData.h">
      <Filter>DataStat</Filter>
    </ClInclude>
    <ClInclude Include="IntData.h">
      <Filter>DataStat</Filter>
    </ClInclude>
    <ClInclude Include="DataStats.h">
      <Filter>DataStat</Filter>
    </ClInclude>
    <ClInclude Include="StatsFinder.h" />
  </ItemGroup>
  <ItemGroup>
    <ClCompile Include="Impl.cpp">
      <Filter>MultipleInheritance</Filter>
    </ClCompile>
    <ClCompile Include="Base.cpp">
      <Filter>MultipleInheritance</Filter>
    </ClCompile>
    <ClCompile Include="stdafx.cpp" />
    <ClCompile Include="MyClass.cpp">
      <Filter>Templates</Filter>
    </ClCompile>
    <ClCompile Include="Foo.cpp">
      <Filter>Templates</Filter>
    </ClCompile>
    <ClCompile Include="MyFunction.cpp">
      <Filter>AssemblyTest</Filter>
    </ClCompile>
  </ItemGroup>
</Project>